// !$*UTF8*$!
{
	archiveVersion = 1;
	classes = {
	};
	objectVersion = 46;
	objects = {

/* Begin PBXBuildFile section */
		7A20688E1C95C22C0050938C /* AppDelegate.swift in Sources */ = {isa = PBXBuildFile; fileRef = 7A20688D1C95C22C0050938C /* AppDelegate.swift */; };
		7A2068931C95C22C0050938C /* Main.storyboard in Resources */ = {isa = PBXBuildFile; fileRef = 7A2068911C95C22C0050938C /* Main.storyboard */; };
		7A2068951C95C22C0050938C /* Assets.xcassets in Resources */ = {isa = PBXBuildFile; fileRef = 7A2068941C95C22C0050938C /* Assets.xcassets */; };
		7A2068981C95C22C0050938C /* LaunchScreen.storyboard in Resources */ = {isa = PBXBuildFile; fileRef = 7A2068961C95C22C0050938C /* LaunchScreen.storyboard */; };
		7A5112EA1CDAE47D002845E5 /* UIView+Screenshot.swift in Sources */ = {isa = PBXBuildFile; fileRef = 7A5112E91CDAE47D002845E5 /* UIView+Screenshot.swift */; };
		7A5112EF1CDB8D47002845E5 /* MaskView.swift in Sources */ = {isa = PBXBuildFile; fileRef = 7A5112EE1CDB8D46002845E5 /* MaskView.swift */; };
		7A68EF601C96ADBC0061D184 /* WebViewController.swift in Sources */ = {isa = PBXBuildFile; fileRef = 7A68EF5F1C96ADBC0061D184 /* WebViewController.swift */; };
		7AAB3FB31CD8A15F007AF600 /* ProgressView.swift in Sources */ = {isa = PBXBuildFile; fileRef = 7AAB3FB21CD8A15F007AF600 /* ProgressView.swift */; };
		7AB805FB1CDA478600D2CD2B /* CaptureMenuView.xib in Resources */ = {isa = PBXBuildFile; fileRef = 7AB805FA1CDA478600D2CD2B /* CaptureMenuView.xib */; };
		7AB805FD1CDA479A00D2CD2B /* CaptureMenuView.swift in Sources */ = {isa = PBXBuildFile; fileRef = 7AB805FC1CDA479A00D2CD2B /* CaptureMenuView.swift */; };
		7AB805FF1CDA4ADD00D2CD2B /* InstantLoadable.swift in Sources */ = {isa = PBXBuildFile; fileRef = 7AB805FE1CDA4ADD00D2CD2B /* InstantLoadable.swift */; };
		F4E672A4607A5830AC26A020 /* Pods.framework in Frameworks */ = {isa = PBXBuildFile; fileRef = 378CFA0DB67757DDFD50A25F /* Pods.framework */; };
/* End PBXBuildFile section */

/* Begin PBXFileReference section */
		378CFA0DB67757DDFD50A25F /* Pods.framework */ = {isa = PBXFileReference; explicitFileType = wrapper.framework; includeInIndex = 0; path = Pods.framework; sourceTree = BUILT_PRODUCTS_DIR; };
		3C90948F72827B454DA88164 /* Pods.debug.xcconfig */ = {isa = PBXFileReference; includeInIndex = 1; lastKnownFileType = text.xcconfig; name = Pods.debug.xcconfig; path = "Pods/Target Support Files/Pods/Pods.debug.xcconfig"; sourceTree = "<group>"; };
		7A20688A1C95C22C0050938C /* FullPageCapture.app */ = {isa = PBXFileReference; explicitFileType = wrapper.application; includeInIndex = 0; path = FullPageCapture.app; sourceTree = BUILT_PRODUCTS_DIR; };
		7A20688D1C95C22C0050938C /* AppDelegate.swift */ = {isa = PBXFileReference; lastKnownFileType = sourcecode.swift; path = AppDelegate.swift; sourceTree = "<group>"; };
		7A2068921C95C22C0050938C /* Base */ = {isa = PBXFileReference; lastKnownFileType = file.storyboard; name = Base; path = Base.lproj/Main.storyboard; sourceTree = "<group>"; };
		7A2068941C95C22C0050938C /* Assets.xcassets */ = {isa = PBXFileReference; lastKnownFileType = folder.assetcatalog; path = Assets.xcassets; sourceTree = "<group>"; };
		7A2068971C95C22C0050938C /* Base */ = {isa = PBXFileReference; lastKnownFileType = file.storyboard; name = Base; path = Base.lproj/LaunchScreen.storyboard; sourceTree = "<group>"; };
		7A2068991C95C22C0050938C /* Info.plist */ = {isa = PBXFileReference; lastKnownFileType = text.plist.xml; path = Info.plist; sourceTree = "<group>"; };
		7A5112E91CDAE47D002845E5 /* UIView+Screenshot.swift */ = {isa = PBXFileReference; fileEncoding = 4; lastKnownFileType = sourcecode.swift; path = "UIView+Screenshot.swift"; sourceTree = "<group>"; };
		7A5112EE1CDB8D46002845E5 /* MaskView.swift */ = {isa = PBXFileReference; fileEncoding = 4; lastKnownFileType = sourcecode.swift; path = MaskView.swift; sourceTree = "<group>"; };
		7A68EF5F1C96ADBC0061D184 /* WebViewController.swift */ = {isa = PBXFileReference; fileEncoding = 4; lastKnownFileType = sourcecode.swift; path = WebViewController.swift; sourceTree = "<group>"; };
		7AAB3FB21CD8A15F007AF600 /* ProgressView.swift */ = {isa = PBXFileReference; fileEncoding = 4; lastKnownFileType = sourcecode.swift; path = ProgressView.swift; sourceTree = "<group>"; };
		7AB805FA1CDA478600D2CD2B /* CaptureMenuView.xib */ = {isa = PBXFileReference; fileEncoding = 4; lastKnownFileType = file.xib; path = CaptureMenuView.xib; sourceTree = "<group>"; };
		7AB805FC1CDA479A00D2CD2B /* CaptureMenuView.swift */ = {isa = PBXFileReference; fileEncoding = 4; lastKnownFileType = sourcecode.swift; path = CaptureMenuView.swift; sourceTree = "<group>"; };
		7AB805FE1CDA4ADD00D2CD2B /* InstantLoadable.swift */ = {isa = PBXFileReference; fileEncoding = 4; lastKnownFileType = sourcecode.swift; path = InstantLoadable.swift; sourceTree = "<group>"; };
		E27FF8AADF8387152B6D3206 /* Pods.release.xcconfig */ = {isa = PBXFileReference; includeInIndex = 1; lastKnownFileType = text.xcconfig; name = Pods.release.xcconfig; path = "Pods/Target Support Files/Pods/Pods.release.xcconfig"; sourceTree = "<group>"; };
/* End PBXFileReference section */

/* Begin PBXFrameworksBuildPhase section */
		7A2068871C95C22C0050938C /* Frameworks */ = {
			isa = PBXFrameworksBuildPhase;
			buildActionMask = 2147483647;
			files = (
				F4E672A4607A5830AC26A020 /* Pods.framework in Frameworks */,
			);
			runOnlyForDeploymentPostprocessing = 0;
		};
/* End PBXFrameworksBuildPhase section */

/* Begin PBXGroup section */
		387386BE1A101EB8A53F87A0 /* Pods */ = {
			isa = PBXGroup;
			children = (
				3C90948F72827B454DA88164 /* Pods.debug.xcconfig */,
				E27FF8AADF8387152B6D3206 /* Pods.release.xcconfig */,
			);
			name = Pods;
			sourceTree = "<group>";
		};
		7A2068811C95C22C0050938C = {
			isa = PBXGroup;
			children = (
				7A20688C1C95C22C0050938C /* FullPageCapture */,
				7A20688B1C95C22C0050938C /* Products */,
				387386BE1A101EB8A53F87A0 /* Pods */,
				CF2179755525D1AA05707276 /* Frameworks */,
			);
			sourceTree = "<group>";
		};
		7A20688B1C95C22C0050938C /* Products */ = {
			isa = PBXGroup;
			children = (
				7A20688A1C95C22C0050938C /* FullPageCapture.app */,
			);
			name = Products;
			sourceTree = "<group>";
		};
		7A20688C1C95C22C0050938C /* FullPageCapture */ = {
			isa = PBXGroup;
			children = (
				7A20688D1C95C22C0050938C /* AppDelegate.swift */,
				7A2068941C95C22C0050938C /* Assets.xcassets */,
				7A2068991C95C22C0050938C /* Info.plist */,
				7A2068961C95C22C0050938C /* LaunchScreen.storyboard */,
				7A2068911C95C22C0050938C /* Main.storyboard */,
				7A5112EC1CDAE68E002845E5 /* Models */,
				7A5112EB1CDAE67C002845E5 /* ViewControllers */,
				7A5112ED1CDAE699002845E5 /* Views */,
			);
			path = FullPageCapture;
			sourceTree = "<group>";
		};
		7A5112EB1CDAE67C002845E5 /* ViewControllers */ = {
			isa = PBXGroup;
			children = (
				7A68EF5F1C96ADBC0061D184 /* WebViewController.swift */,
			);
			name = ViewControllers;
			sourceTree = "<group>";
		};
		7A5112EC1CDAE68E002845E5 /* Models */ = {
			isa = PBXGroup;
			children = (
				7AB805FE1CDA4ADD00D2CD2B /* InstantLoadable.swift */,
			);
			name = Models;
			sourceTree = "<group>";
		};
		7A5112ED1CDAE699002845E5 /* Views */ = {
			isa = PBXGroup;
			children = (
				7AB805FC1CDA479A00D2CD2B /* CaptureMenuView.swift */,
				7AB805FA1CDA478600D2CD2B /* CaptureMenuView.xib */,
				7AAB3FB21CD8A15F007AF600 /* ProgressView.swift */,
				7A5112E91CDAE47D002845E5 /* UIView+Screenshot.swift */,
				7A5112EE1CDB8D46002845E5 /* MaskView.swift */,
			);
			name = Views;
			sourceTree = "<group>";
		};
		CF2179755525D1AA05707276 /* Frameworks */ = {
			isa = PBXGroup;
			children = (
				378CFA0DB67757DDFD50A25F /* Pods.framework */,
			);
			name = Frameworks;
			sourceTree = "<group>";
		};
/* End PBXGroup section */

/* Begin PBXNativeTarget section */
		7A2068891C95C22C0050938C /* FullPageCapture */ = {
			isa = PBXNativeTarget;
			buildConfigurationList = 7A20689C1C95C22C0050938C /* Build configuration list for PBXNativeTarget "FullPageCapture" */;
			buildPhases = (
				F5F29C6E0217A9EC7BDFFAC6 /* Check Pods Manifest.lock */,
				7A2068861C95C22C0050938C /* Sources */,
				7A2068871C95C22C0050938C /* Frameworks */,
				7A2068881C95C22C0050938C /* Resources */,
				442F55EF56BB8753489D3D68 /* Embed Pods Frameworks */,
				59BA599632D8DDBDEFA68DE8 /* Copy Pods Resources */,
			);
			buildRules = (
			);
			dependencies = (
			);
			name = FullPageCapture;
			productName = FullPageCapture;
			productReference = 7A20688A1C95C22C0050938C /* FullPageCapture.app */;
			productType = "com.apple.product-type.application";
		};
/* End PBXNativeTarget section */

/* Begin PBXProject section */
		7A2068821C95C22C0050938C /* Project object */ = {
			isa = PBXProject;
			attributes = {
				LastSwiftUpdateCheck = 0720;
				LastUpgradeCheck = 0720;
				ORGANIZATIONNAME = imairi;
				TargetAttributes = {
					7A2068891C95C22C0050938C = {
						CreatedOnToolsVersion = 7.2;
					};
				};
			};
			buildConfigurationList = 7A2068851C95C22C0050938C /* Build configuration list for PBXProject "FullPageCapture" */;
			compatibilityVersion = "Xcode 3.2";
			developmentRegion = English;
			hasScannedForEncodings = 0;
			knownRegions = (
				en,
				Base,
			);
			mainGroup = 7A2068811C95C22C0050938C;
			productRefGroup = 7A20688B1C95C22C0050938C /* Products */;
			projectDirPath = "";
			projectRoot = "";
			targets = (
				7A2068891C95C22C0050938C /* FullPageCapture */,
			);
		};
/* End PBXProject section */

/* Begin PBXResourcesBuildPhase section */
		7A2068881C95C22C0050938C /* Resources */ = {
			isa = PBXResourcesBuildPhase;
			buildActionMask = 2147483647;
			files = (
				7AB805FB1CDA478600D2CD2B /* CaptureMenuView.xib in Resources */,
				7A2068981C95C22C0050938C /* LaunchScreen.storyboard in Resources */,
				7A2068951C95C22C0050938C /* Assets.xcassets in Resources */,
				7A2068931C95C22C0050938C /* Main.storyboard in Resources */,
			);
			runOnlyForDeploymentPostprocessing = 0;
		};
/* End PBXResourcesBuildPhase section */

/* Begin PBXShellScriptBuildPhase section */
		442F55EF56BB8753489D3D68 /* Embed Pods Frameworks */ = {
			isa = PBXShellScriptBuildPhase;
			buildActionMask = 2147483647;
			files = (
			);
			inputPaths = (
			);
			name = "Embed Pods Frameworks";
			outputPaths = (
			);
			runOnlyForDeploymentPostprocessing = 0;
			shellPath = /bin/sh;
			shellScript = "\"${SRCROOT}/Pods/Target Support Files/Pods/Pods-frameworks.sh\"\n";
			showEnvVarsInLog = 0;
		};
		59BA599632D8DDBDEFA68DE8 /* Copy Pods Resources */ = {
			isa = PBXShellScriptBuildPhase;
			buildActionMask = 2147483647;
			files = (
			);
			inputPaths = (
			);
			name = "Copy Pods Resources";
			outputPaths = (
			);
			runOnlyForDeploymentPostprocessing = 0;
			shellPath = /bin/sh;
			shellScript = "\"${SRCROOT}/Pods/Target Support Files/Pods/Pods-resources.sh\"\n";
			showEnvVarsInLog = 0;
		};
		F5F29C6E0217A9EC7BDFFAC6 /* Check Pods Manifest.lock */ = {
			isa = PBXShellScriptBuildPhase;
			buildActionMask = 2147483647;
			files = (
			);
			inputPaths = (
			);
			name = "Check Pods Manifest.lock";
			outputPaths = (
			);
			runOnlyForDeploymentPostprocessing = 0;
			shellPath = /bin/sh;
			shellScript = "diff \"${PODS_ROOT}/../Podfile.lock\" \"${PODS_ROOT}/Manifest.lock\" > /dev/null\nif [[ $? != 0 ]] ; then\n    cat << EOM\nerror: The sandbox is not in sync with the Podfile.lock. Run 'pod install' or update your CocoaPods installation.\nEOM\n    exit 1\nfi\n";
			showEnvVarsInLog = 0;
		};
/* End PBXShellScriptBuildPhase section */

/* Begin PBXSourcesBuildPhase section */
		7A2068861C95C22C0050938C /* Sources */ = {
			isa = PBXSourcesBuildPhase;
			buildActionMask = 2147483647;
			files = (
				7A5112EA1CDAE47D002845E5 /* UIView+Screenshot.swift in Sources */,
				7AB805FD1CDA479A00D2CD2B /* CaptureMenuView.swift in Sources */,
				7A68EF601C96ADBC0061D184 /* WebViewController.swift in Sources */,
				7A20688E1C95C22C0050938C /* AppDelegate.swift in Sources */,
				7AB805FF1CDA4ADD00D2CD2B /* InstantLoadable.swift in Sources */,
				7A5112EF1CDB8D47002845E5 /* MaskView.swift in Sources */,
				7AAB3FB31CD8A15F007AF600 /* ProgressView.swift in Sources */,
			);
			runOnlyForDeploymentPostprocessing = 0;
		};
/* End PBXSourcesBuildPhase section */

/* Begin PBXVariantGroup section */
		7A2068911C95C22C0050938C /* Main.storyboard */ = {
			isa = PBXVariantGroup;
			children = (
				7A2068921C95C22C0050938C /* Base */,
			);
			name = Main.storyboard;
			sourceTree = "<group>";
		};
		7A2068961C95C22C0050938C /* LaunchScreen.storyboard */ = {
			isa = PBXVariantGroup;
			children = (
				7A2068971C95C22C0050938C /* Base */,
			);
			name = LaunchScreen.storyboard;
			sourceTree = "<group>";
		};
/* End PBXVariantGroup section */

/* Begin XCBuildConfiguration section */
		7A20689A1C95C22C0050938C /* Debug */ = {
			isa = XCBuildConfiguration;
			buildSettings = {
				ALWAYS_SEARCH_USER_PATHS = NO;
				CLANG_CXX_LANGUAGE_STANDARD = "gnu++0x";
				CLANG_CXX_LIBRARY = "libc++";
				CLANG_ENABLE_MODULES = YES;
				CLANG_ENABLE_OBJC_ARC = YES;
				CLANG_WARN_BOOL_CONVERSION = YES;
				CLANG_WARN_CONSTANT_CONVERSION = YES;
				CLANG_WARN_DIRECT_OBJC_ISA_USAGE = YES_ERROR;
				CLANG_WARN_EMPTY_BODY = YES;
				CLANG_WARN_ENUM_CONVERSION = YES;
				CLANG_WARN_INT_CONVERSION = YES;
				CLANG_WARN_OBJC_ROOT_CLASS = YES_ERROR;
				CLANG_WARN_UNREACHABLE_CODE = YES;
				CLANG_WARN__DUPLICATE_METHOD_MATCH = YES;
				"CODE_SIGN_IDENTITY[sdk=iphoneos*]" = "iPhone Developer";
				COPY_PHASE_STRIP = NO;
				DEBUG_INFORMATION_FORMAT = dwarf;
				ENABLE_STRICT_OBJC_MSGSEND = YES;
				ENABLE_TESTABILITY = YES;
				GCC_C_LANGUAGE_STANDARD = gnu99;
				GCC_DYNAMIC_NO_PIC = NO;
				GCC_NO_COMMON_BLOCKS = YES;
				GCC_OPTIMIZATION_LEVEL = 0;
				GCC_PREPROCESSOR_DEFINITIONS = (
					"DEBUG=1",
					"$(inherited)",
				);
				GCC_WARN_64_TO_32_BIT_CONVERSION = YES;
				GCC_WARN_ABOUT_RETURN_TYPE = YES_ERROR;
				GCC_WARN_UNDECLARED_SELECTOR = YES;
				GCC_WARN_UNINITIALIZED_AUTOS = YES_AGGRESSIVE;
				GCC_WARN_UNUSED_FUNCTION = YES;
				GCC_WARN_UNUSED_VARIABLE = YES;
				IPHONEOS_DEPLOYMENT_TARGET = 9.2;
				MTL_ENABLE_DEBUG_INFO = YES;
				ONLY_ACTIVE_ARCH = NO;
				SDKROOT = iphoneos;
				SWIFT_OPTIMIZATION_LEVEL = "-Onone";
			};
			name = Debug;
		};
		7A20689B1C95C22C0050938C /* Release */ = {
			isa = XCBuildConfiguration;
			buildSettings = {
				ALWAYS_SEARCH_USER_PATHS = NO;
				CLANG_CXX_LANGUAGE_STANDARD = "gnu++0x";
				CLANG_CXX_LIBRARY = "libc++";
				CLANG_ENABLE_MODULES = YES;
				CLANG_ENABLE_OBJC_ARC = YES;
				CLANG_WARN_BOOL_CONVERSION = YES;
				CLANG_WARN_CONSTANT_CONVERSION = YES;
				CLANG_WARN_DIRECT_OBJC_ISA_USAGE = YES_ERROR;
				CLANG_WARN_EMPTY_BODY = YES;
				CLANG_WARN_ENUM_CONVERSION = YES;
				CLANG_WARN_INT_CONVERSION = YES;
				CLANG_WARN_OBJC_ROOT_CLASS = YES_ERROR;
				CLANG_WARN_UNREACHABLE_CODE = YES;
				CLANG_WARN__DUPLICATE_METHOD_MATCH = YES;
				"CODE_SIGN_IDENTITY[sdk=iphoneos*]" = "iPhone Developer";
				COPY_PHASE_STRIP = NO;
				DEBUG_INFORMATION_FORMAT = "dwarf-with-dsym";
				ENABLE_NS_ASSERTIONS = NO;
				ENABLE_STRICT_OBJC_MSGSEND = YES;
				GCC_C_LANGUAGE_STANDARD = gnu99;
				GCC_NO_COMMON_BLOCKS = YES;
				GCC_WARN_64_TO_32_BIT_CONVERSION = YES;
				GCC_WARN_ABOUT_RETURN_TYPE = YES_ERROR;
				GCC_WARN_UNDECLARED_SELECTOR = YES;
				GCC_WARN_UNINITIALIZED_AUTOS = YES_AGGRESSIVE;
				GCC_WARN_UNUSED_FUNCTION = YES;
				GCC_WARN_UNUSED_VARIABLE = YES;
				IPHONEOS_DEPLOYMENT_TARGET = 9.2;
				MTL_ENABLE_DEBUG_INFO = NO;
				SDKROOT = iphoneos;
				VALIDATE_PRODUCT = YES;
			};
			name = Release;
		};
		7A20689D1C95C22C0050938C /* Debug */ = {
			isa = XCBuildConfiguration;
			baseConfigurationReference = 3C90948F72827B454DA88164 /* Pods.debug.xcconfig */;
			buildSettings = {
				ASSETCATALOG_COMPILER_APPICON_NAME = AppIcon;
				INFOPLIST_FILE = FullPageCapture/Info.plist;
				LD_RUNPATH_SEARCH_PATHS = "$(inherited) @executable_path/Frameworks";
				PRODUCT_BUNDLE_IDENTIFIER = com.imairi.FullPageCapture;
				PRODUCT_NAME = "$(TARGET_NAME)";
				SWIFT_OBJC_INTERFACE_HEADER_NAME = "";
			};
			name = Debug;
		};
		7A20689E1C95C22C0050938C /* Release */ = {
			isa = XCBuildConfiguration;
			baseConfigurationReference = E27FF8AADF8387152B6D3206 /* Pods.release.xcconfig */;
			buildSettings = {
				ASSETCATALOG_COMPILER_APPICON_NAME = AppIcon;
				INFOPLIST_FILE = FullPageCapture/Info.plist;
				LD_RUNPATH_SEARCH_PATHS = "$(inherited) @executable_path/Frameworks";
				PRODUCT_BUNDLE_IDENTIFIER = com.imairi.FullPageCapture;
				PRODUCT_NAME = "$(TARGET_NAME)";
				SWIFT_OBJC_INTERFACE_HEADER_NAME = "";
			};
			name = Release;
		};
/* End XCBuildConfiguration section */

/* Begin XCConfigurationList section */
		7A2068851C95C22C0050938C /* Build configuration list for PBXProject "FullPageCapture" */ = {
			isa = XCConfigurationList;
			buildConfigurations = (
				7A20689A1C95C22C0050938C /* Debug */,
				7A20689B1C95C22C0050938C /* Release */,
			);
			defaultConfigurationIsVisible = 0;
			defaultConfigurationName = Release;
		};
		7A20689C1C95C22C0050938C /* Build configuration list for PBXNativeTarget "FullPageCapture" */ = {
			isa = XCConfigurationList;
			buildConfigurations = (
				7A20689D1C95C22C0050938C /* Debug */,
				7A20689E1C95C22C0050938C /* Release */,
			);
			defaultConfigurationIsVisible = 0;
			defaultConfigurationName = Release;
		};
/* End XCConfigurationList section */
	};
	rootObject = 7A2068821C95C22C0050938C /* Project object */;
}
